
Microsoft Visual Studio Solution File, Format Version 12.00
# Visual Studio Version 17
VisualStudioVersion = 17.1.32319.34
MinimumVisualStudioVersion = 10.0.40219.1
Project("{FAE04EC0-301F-11D3-BF4B-00C04F79EFBC}") = "Roblox Script Injecter", "Roblox Script Injecter\Roblox Script Injecter.csproj", "{60EFDD9B-2CAE-437C-A41B-801AD3A04213}"
EndProject
Global
	GlobalSection(SolutionConfigurationPlatforms) = preSolution
		Debug|Any CPU = Debug|Any CPU
		Release|Any CPU = Release|Any CPU
	EndGlobalSection
	GlobalSection(ProjectConfigurationPlatforms) = postSolution
		{60EFDD9B-2CAE-437C-A41B-801AD3A04213}.Debug|Any CPU.ActiveCfg = Debug|Any CPU
		{60EFDD9B-2CAE-437C-A41B-801AD3A04213}.Debug|Any CPU.Build.0 = Debug|Any CPU
		{60EFDD9B-2CAE-437C-A41B-801AD3A04213}.Release|Any CPU.ActiveCfg = Release|Any CPU
		{60EFDD9B-2CAE-437C-A41B-801AD3A04213}.Release|Any CPU.Build.0 = Release|Any CPU
	EndGlobalSection
	GlobalSection(SolutionProperties) = preSolution
		HideSolutionNode = FALSE
	EndGlobalSection
	GlobalSection(ExtensibilityGlobals) = postSolution
		SolutionGuid = {05E0D212-E596-49D8-B8D2-5920B40A68F3}
	EndGlobalSection
EndGlobal
